
Microsoft Visual Studio Solution File, Format Version 12.00
# Visual Studio Version 16
VisualStudioVersion = 16.0.29001.49
MinimumVisualStudioVersion = 10.0.40219.1
Project("{FAE04EC0-301F-11D3-BF4B-00C04F79EFBC}") = "WagProject", "WagProject\WagProject.csproj", "{EF2F3F80-52B5-4D13-B09A-447AE75485AF}"
EndProject
Project("{FAE04EC0-301F-11D3-BF4B-00C04F79EFBC}") = "WagStandalone", "WagStandalone\WagStandalone.csproj", "{94596086-53DF-47B0-BF13-DCD73BF1EB14}"
EndProject
Global
	GlobalSection(SolutionConfigurationPlatforms) = preSolution
		Debug|Any CPU = Debug|Any CPU
		Release|Any CPU = Release|Any CPU
	EndGlobalSection
	GlobalSection(ProjectConfigurationPlatforms) = postSolution
		{EF2F3F80-52B5-4D13-B09A-447AE75485AF}.Debug|Any CPU.ActiveCfg = Debug|Any CPU
		{EF2F3F80-52B5-4D13-B09A-447AE75485AF}.Debug|Any CPU.Build.0 = Debug|Any CPU
		{EF2F3F80-52B5-4D13-B09A-447AE75485AF}.Release|Any CPU.ActiveCfg = Release|Any CPU
		{EF2F3F80-52B5-4D13-B09A-447AE75485AF}.Release|Any CPU.Build.0 = Release|Any CPU
		{94596086-53DF-47B0-BF13-DCD73BF1EB14}.Debug|Any CPU.ActiveCfg = Debug|Any CPU
		{94596086-53DF-47B0-BF13-DCD73BF1EB14}.Debug|Any CPU.Build.0 = Debug|Any CPU
		{94596086-53DF-47B0-BF13-DCD73BF1EB14}.Release|Any CPU.ActiveCfg = Release|Any CPU
		{94596086-53DF-47B0-BF13-DCD73BF1EB14}.Release|Any CPU.Build.0 = Release|Any CPU
	EndGlobalSection
	GlobalSection(SolutionProperties) = preSolution
		HideSolutionNode = FALSE
	EndGlobalSection
	GlobalSection(ExtensibilityGlobals) = postSolution
		SolutionGuid = {2F9EED69-9041-4725-8E2E-8D64FB865666}
	EndGlobalSection
EndGlobal
